// !$*UTF8*$!
{
	archiveVersion = 1;
	classes = {
	};
	objectVersion = 46;
	objects = {

/* Begin PBXBuildFile section */
		4E1D67561E599EAC00C3B485 /* AppDelegate.swift in Sources */ = {isa = PBXBuildFile; fileRef = 4E1D67551E599EAC00C3B485 /* AppDelegate.swift */; };
		4E1D67581E599EAC00C3B485 /* ViewController.swift in Sources */ = {isa = PBXBuildFile; fileRef = 4E1D67571E599EAC00C3B485 /* ViewController.swift */; };
		4E1D675B1E599EAC00C3B485 /* Main.storyboard in Resources */ = {isa = PBXBuildFile; fileRef = 4E1D67591E599EAC00C3B485 /* Main.storyboard */; };
		4E1D675D1E599EAC00C3B485 /* Assets.xcassets in Resources */ = {isa = PBXBuildFile; fileRef = 4E1D675C1E599EAC00C3B485 /* Assets.xcassets */; };
		4E1D67601E599EAC00C3B485 /* LaunchScreen.storyboard in Resources */ = {isa = PBXBuildFile; fileRef = 4E1D675E1E599EAC00C3B485 /* LaunchScreen.storyboard */; };
		4E1D676B1E599EAD00C3B485 /* staticlibrarytestTests.swift in Sources */ = {isa = PBXBuildFile; fileRef = 4E1D676A1E599EAD00C3B485 /* staticlibrarytestTests.swift */; };
		4E1D67761E599EAD00C3B485 /* staticlibrarytestUITests.swift in Sources */ = {isa = PBXBuildFile; fileRef = 4E1D67751E599EAD00C3B485 /* staticlibrarytestUITests.swift */; };
		4E8DA72D1E59FFB200D29846 /* libharbour.a in Frameworks */ = {isa = PBXBuildFile; fileRef = 4E8DA72C1E59FFB200D29846 /* libharbour.a */; };
/* End PBXBuildFile section */

/* Begin PBXContainerItemProxy section */
		4E1D67671E599EAD00C3B485 /* PBXContainerItemProxy */ = {
			isa = PBXContainerItemProxy;
			containerPortal = 4E1D674A1E599EAB00C3B485 /* Project object */;
			proxyType = 1;
			remoteGlobalIDString = 4E1D67511E599EAB00C3B485;
			remoteInfo = staticlibrarytest;
		};
		4E1D67721E599EAD00C3B485 /* PBXContainerItemProxy */ = {
			isa = PBXContainerItemProxy;
			containerPortal = 4E1D674A1E599EAB00C3B485 /* Project object */;
			proxyType = 1;
			remoteGlobalIDString = 4E1D67511E599EAB00C3B485;
			remoteInfo = staticlibrarytest;
		};
/* End PBXContainerItemProxy section */

/* Begin PBXFileReference section */
		4E1D67521E599EAC00C3B485 /* staticlibrarytest.app */ = {isa = PBXFileReference; explicitFileType = wrapper.application; includeInIndex = 0; path = staticlibrarytest.app; sourceTree = BUILT_PRODUCTS_DIR; };
		4E1D67551E599EAC00C3B485 /* AppDelegate.swift */ = {isa = PBXFileReference; lastKnownFileType = sourcecode.swift; path = AppDelegate.swift; sourceTree = "<group>"; };
		4E1D67571E599EAC00C3B485 /* ViewController.swift */ = {isa = PBXFileReference; lastKnownFileType = sourcecode.swift; path = ViewController.swift; sourceTree = "<group>"; };
		4E1D675A1E599EAC00C3B485 /* Base */ = {isa = PBXFileReference; lastKnownFileType = file.storyboard; name = Base; path = Base.lproj/Main.storyboard; sourceTree = "<group>"; };
		4E1D675C1E599EAC00C3B485 /* Assets.xcassets */ = {isa = PBXFileReference; lastKnownFileType = folder.assetcatalog; path = Assets.xcassets; sourceTree = "<group>"; };
		4E1D675F1E599EAC00C3B485 /* Base */ = {isa = PBXFileReference; lastKnownFileType = file.storyboard; name = Base; path = Base.lproj/LaunchScreen.storyboard; sourceTree = "<group>"; };
		4E1D67611E599EAC00C3B485 /* Info.plist */ = {isa = PBXFileReference; lastKnownFileType = text.plist.xml; path = Info.plist; sourceTree = "<group>"; };
		4E1D67661E599EAD00C3B485 /* staticlibrarytestTests.xctest */ = {isa = PBXFileReference; explicitFileType = wrapper.cfbundle; includeInIndex = 0; path = staticlibrarytestTests.xctest; sourceTree = BUILT_PRODUCTS_DIR; };
		4E1D676A1E599EAD00C3B485 /* staticlibrarytestTests.swift */ = {isa = PBXFileReference; lastKnownFileType = sourcecode.swift; path = staticlibrarytestTests.swift; sourceTree = "<group>"; };
		4E1D676C1E599EAD00C3B485 /* Info.plist */ = {isa = PBXFileReference; lastKnownFileType = text.plist.xml; path = Info.plist; sourceTree = "<group>"; };
		4E1D67711E599EAD00C3B485 /* staticlibrarytestUITests.xctest */ = {isa = PBXFileReference; explicitFileType = wrapper.cfbundle; includeInIndex = 0; path = staticlibrarytestUITests.xctest; sourceTree = BUILT_PRODUCTS_DIR; };
		4E1D67751E599EAD00C3B485 /* staticlibrarytestUITests.swift */ = {isa = PBXFileReference; lastKnownFileType = sourcecode.swift; path = staticlibrarytestUITests.swift; sourceTree = "<group>"; };
		4E1D67771E599EAD00C3B485 /* Info.plist */ = {isa = PBXFileReference; lastKnownFileType = text.plist.xml; path = Info.plist; sourceTree = "<group>"; };
		4E1D67891E59A6D700C3B485 /* staticlibrarytest-Bridging-Header.h */ = {isa = PBXFileReference; lastKnownFileType = sourcecode.c.h; path = "staticlibrarytest-Bridging-Header.h"; sourceTree = "<group>"; };
		4E8DA72C1E59FFB200D29846 /* libharbour.a */ = {isa = PBXFileReference; lastKnownFileType = archive.ar; name = libharbour.a; path = ../libs/lib/libharbour.a; sourceTree = "<group>"; };
/* End PBXFileReference section */

/* Begin PBXFrameworksBuildPhase section */
		4E1D674F1E599EAB00C3B485 /* Frameworks */ = {
			isa = PBXFrameworksBuildPhase;
			buildActionMask = 2147483647;
			files = (
				4E8DA72D1E59FFB200D29846 /* libharbour.a in Frameworks */,
			);
			runOnlyForDeploymentPostprocessing = 0;
		};
		4E1D67631E599EAD00C3B485 /* Frameworks */ = {
			isa = PBXFrameworksBuildPhase;
			buildActionMask = 2147483647;
			files = (
			);
			runOnlyForDeploymentPostprocessing = 0;
		};
		4E1D676E1E599EAD00C3B485 /* Frameworks */ = {
			isa = PBXFrameworksBuildPhase;
			buildActionMask = 2147483647;
			files = (
			);
			runOnlyForDeploymentPostprocessing = 0;
		};
/* End PBXFrameworksBuildPhase section */

/* Begin PBXGroup section */
		4E1D67491E599EAB00C3B485 = {
			isa = PBXGroup;
			children = (
				4E1D67891E59A6D700C3B485 /* staticlibrarytest-Bridging-Header.h */,
				4E1D67541E599EAC00C3B485 /* staticlibrarytest */,
				4E1D67691E599EAD00C3B485 /* staticlibrarytestTests */,
				4E1D67741E599EAD00C3B485 /* staticlibrarytestUITests */,
				4E1D67531E599EAC00C3B485 /* Products */,
				4E1D67911E59D7AB00C3B485 /* Frameworks */,
			);
			sourceTree = "<group>";
		};
		4E1D67531E599EAC00C3B485 /* Products */ = {
			isa = PBXGroup;
			children = (
				4E1D67521E599EAC00C3B485 /* staticlibrarytest.app */,
				4E1D67661E599EAD00C3B485 /* staticlibrarytestTests.xctest */,
				4E1D67711E599EAD00C3B485 /* staticlibrarytestUITests.xctest */,
			);
			name = Products;
			sourceTree = "<group>";
		};
		4E1D67541E599EAC00C3B485 /* staticlibrarytest */ = {
			isa = PBXGroup;
			children = (
				4E1D67551E599EAC00C3B485 /* AppDelegate.swift */,
				4E1D67571E599EAC00C3B485 /* ViewController.swift */,
				4E1D67591E599EAC00C3B485 /* Main.storyboard */,
				4E1D675C1E599EAC00C3B485 /* Assets.xcassets */,
				4E1D675E1E599EAC00C3B485 /* LaunchScreen.storyboard */,
				4E1D67611E599EAC00C3B485 /* Info.plist */,
			);
			path = staticlibrarytest;
			sourceTree = "<group>";
		};
		4E1D67691E599EAD00C3B485 /* staticlibrarytestTests */ = {
			isa = PBXGroup;
			children = (
				4E1D676A1E599EAD00C3B485 /* staticlibrarytestTests.swift */,
				4E1D676C1E599EAD00C3B485 /* Info.plist */,
			);
			path = staticlibrarytestTests;
			sourceTree = "<group>";
		};
		4E1D67741E599EAD00C3B485 /* staticlibrarytestUITests */ = {
			isa = PBXGroup;
			children = (
				4E1D67751E599EAD00C3B485 /* staticlibrarytestUITests.swift */,
				4E1D67771E599EAD00C3B485 /* Info.plist */,
			);
			path = staticlibrarytestUITests;
			sourceTree = "<group>";
		};
		4E1D67911E59D7AB00C3B485 /* Frameworks */ = {
			isa = PBXGroup;
			children = (
				4E8DA72C1E59FFB200D29846 /* libharbour.a */,
			);
			name = Frameworks;
			sourceTree = "<group>";
		};
/* End PBXGroup section */

/* Begin PBXNativeTarget section */
		4E1D67511E599EAB00C3B485 /* staticlibrarytest */ = {
			isa = PBXNativeTarget;
			buildConfigurationList = 4E1D677A1E599EAD00C3B485 /* Build configuration list for PBXNativeTarget "staticlibrarytest" */;
			buildPhases = (
				4E1D674E1E599EAB00C3B485 /* Sources */,
				4E1D674F1E599EAB00C3B485 /* Frameworks */,
				4E1D67501E599EAB00C3B485 /* Resources */,
			);
			buildRules = (
			);
			dependencies = (
			);
			name = staticlibrarytest;
			productName = staticlibrarytest;
			productReference = 4E1D67521E599EAC00C3B485 /* staticlibrarytest.app */;
			productType = "com.apple.product-type.application";
		};
		4E1D67651E599EAD00C3B485 /* staticlibrarytestTests */ = {
			isa = PBXNativeTarget;
			buildConfigurationList = 4E1D677D1E599EAD00C3B485 /* Build configuration list for PBXNativeTarget "staticlibrarytestTests" */;
			buildPhases = (
				4E1D67621E599EAD00C3B485 /* Sources */,
				4E1D67631E599EAD00C3B485 /* Frameworks */,
				4E1D67641E599EAD00C3B485 /* Resources */,
			);
			buildRules = (
			);
			dependencies = (
				4E1D67681E599EAD00C3B485 /* PBXTargetDependency */,
			);
			name = staticlibrarytestTests;
			productName = staticlibrarytestTests;
			productReference = 4E1D67661E599EAD00C3B485 /* staticlibrarytestTests.xctest */;
			productType = "com.apple.product-type.bundle.unit-test";
		};
		4E1D67701E599EAD00C3B485 /* staticlibrarytestUITests */ = {
			isa = PBXNativeTarget;
			buildConfigurationList = 4E1D67801E599EAD00C3B485 /* Build configuration list for PBXNativeTarget "staticlibrarytestUITests" */;
			buildPhases = (
				4E1D676D1E599EAD00C3B485 /* Sources */,
				4E1D676E1E599EAD00C3B485 /* Frameworks */,
				4E1D676F1E599EAD00C3B485 /* Resources */,
			);
			buildRules = (
			);
			dependencies = (
				4E1D67731E599EAD00C3B485 /* PBXTargetDependency */,
			);
			name = staticlibrarytestUITests;
			productName = staticlibrarytestUITests;
			productReference = 4E1D67711E599EAD00C3B485 /* staticlibrarytestUITests.xctest */;
			productType = "com.apple.product-type.bundle.ui-testing";
		};
/* End PBXNativeTarget section */

/* Begin PBXProject section */
		4E1D674A1E599EAB00C3B485 /* Project object */ = {
			isa = PBXProject;
			attributes = {
				LastSwiftUpdateCheck = 0800;
				LastUpgradeCheck = 0800;
				ORGANIZATIONNAME = paysoft;
				TargetAttributes = {
					4E1D67511E599EAB00C3B485 = {
						CreatedOnToolsVersion = 8.0;
						DevelopmentTeam = R5ZGSD349Y;
						ProvisioningStyle = Automatic;
					};
					4E1D67651E599EAD00C3B485 = {
						CreatedOnToolsVersion = 8.0;
						ProvisioningStyle = Automatic;
						TestTargetID = 4E1D67511E599EAB00C3B485;
					};
					4E1D67701E599EAD00C3B485 = {
						CreatedOnToolsVersion = 8.0;
						ProvisioningStyle = Automatic;
						TestTargetID = 4E1D67511E599EAB00C3B485;
					};
				};
			};
			buildConfigurationList = 4E1D674D1E599EAB00C3B485 /* Build configuration list for PBXProject "staticlibrarytest" */;
			compatibilityVersion = "Xcode 3.2";
			developmentRegion = English;
			hasScannedForEncodings = 0;
			knownRegions = (
				en,
				Base,
			);
			mainGroup = 4E1D67491E599EAB00C3B485;
			productRefGroup = 4E1D67531E599EAC00C3B485 /* Products */;
			projectDirPath = "";
			projectRoot = "";
			targets = (
				4E1D67511E599EAB00C3B485 /* staticlibrarytest */,
				4E1D67651E599EAD00C3B485 /* staticlibrarytestTests */,
				4E1D67701E599EAD00C3B485 /* staticlibrarytestUITests */,
			);
		};
/* End PBXProject section */

/* Begin PBXResourcesBuildPhase section */
		4E1D67501E599EAB00C3B485 /* Resources */ = {
			isa = PBXResourcesBuildPhase;
			buildActionMask = 2147483647;
			files = (
				4E1D67601E599EAC00C3B485 /* LaunchScreen.storyboard in Resources */,
				4E1D675D1E599EAC00C3B485 /* Assets.xcassets in Resources */,
				4E1D675B1E599EAC00C3B485 /* Main.storyboard in Resources */,
			);
			runOnlyForDeploymentPostprocessing = 0;
		};
		4E1D67641E599EAD00C3B485 /* Resources */ = {
			isa = PBXResourcesBuildPhase;
			buildActionMask = 2147483647;
			files = (
			);
			runOnlyForDeploymentPostprocessing = 0;
		};
		4E1D676F1E599EAD00C3B485 /* Resources */ = {
			isa = PBXResourcesBuildPhase;
			buildActionMask = 2147483647;
			files = (
			);
			runOnlyForDeploymentPostprocessing = 0;
		};
/* End PBXResourcesBuildPhase section */

/* Begin PBXSourcesBuildPhase section */
		4E1D674E1E599EAB00C3B485 /* Sources */ = {
			isa = PBXSourcesBuildPhase;
			buildActionMask = 2147483647;
			files = (
				4E1D67581E599EAC00C3B485 /* ViewController.swift in Sources */,
				4E1D67561E599EAC00C3B485 /* AppDelegate.swift in Sources */,
			);
			runOnlyForDeploymentPostprocessing = 0;
		};
		4E1D67621E599EAD00C3B485 /* Sources */ = {
			isa = PBXSourcesBuildPhase;
			buildActionMask = 2147483647;
			files = (
				4E1D676B1E599EAD00C3B485 /* staticlibrarytestTests.swift in Sources */,
			);
			runOnlyForDeploymentPostprocessing = 0;
		};
		4E1D676D1E599EAD00C3B485 /* Sources */ = {
			isa = PBXSourcesBuildPhase;
			buildActionMask = 2147483647;
			files = (
				4E1D67761E599EAD00C3B485 /* staticlibrarytestUITests.swift in Sources */,
			);
			runOnlyForDeploymentPostprocessing = 0;
		};
/* End PBXSourcesBuildPhase section */

/* Begin PBXTargetDependency section */
		4E1D67681E599EAD00C3B485 /* PBXTargetDependency */ = {
			isa = PBXTargetDependency;
			target = 4E1D67511E599EAB00C3B485 /* staticlibrarytest */;
			targetProxy = 4E1D67671E599EAD00C3B485 /* PBXContainerItemProxy */;
		};
		4E1D67731E599EAD00C3B485 /* PBXTargetDependency */ = {
			isa = PBXTargetDependency;
			target = 4E1D67511E599EAB00C3B485 /* staticlibrarytest */;
			targetProxy = 4E1D67721E599EAD00C3B485 /* PBXContainerItemProxy */;
		};
/* End PBXTargetDependency section */

/* Begin PBXVariantGroup section */
		4E1D67591E599EAC00C3B485 /* Main.storyboard */ = {
			isa = PBXVariantGroup;
			children = (
				4E1D675A1E599EAC00C3B485 /* Base */,
			);
			name = Main.storyboard;
			sourceTree = "<group>";
		};
		4E1D675E1E599EAC00C3B485 /* LaunchScreen.storyboard */ = {
			isa = PBXVariantGroup;
			children = (
				4E1D675F1E599EAC00C3B485 /* Base */,
			);
			name = LaunchScreen.storyboard;
			sourceTree = "<group>";
		};
/* End PBXVariantGroup section */

/* Begin XCBuildConfiguration section */
		4E1D67781E599EAD00C3B485 /* Debug */ = {
			isa = XCBuildConfiguration;
			buildSettings = {
				ALWAYS_SEARCH_USER_PATHS = NO;
				CLANG_ANALYZER_NONNULL = YES;
				CLANG_CXX_LANGUAGE_STANDARD = "gnu++0x";
				CLANG_CXX_LIBRARY = "libc++";
				CLANG_ENABLE_MODULES = YES;
				CLANG_ENABLE_OBJC_ARC = YES;
				CLANG_WARN_BOOL_CONVERSION = YES;
				CLANG_WARN_CONSTANT_CONVERSION = YES;
				CLANG_WARN_DIRECT_OBJC_ISA_USAGE = YES_ERROR;
				CLANG_WARN_DOCUMENTATION_COMMENTS = YES;
				CLANG_WARN_EMPTY_BODY = YES;
				CLANG_WARN_ENUM_CONVERSION = YES;
				CLANG_WARN_INFINITE_RECURSION = YES;
				CLANG_WARN_INT_CONVERSION = YES;
				CLANG_WARN_OBJC_ROOT_CLASS = YES_ERROR;
				CLANG_WARN_SUSPICIOUS_MOVES = YES;
				CLANG_WARN_UNREACHABLE_CODE = YES;
				CLANG_WARN__DUPLICATE_METHOD_MATCH = YES;
				"CODE_SIGN_IDENTITY[sdk=iphoneos*]" = "iPhone Developer";
				COPY_PHASE_STRIP = NO;
				DEBUG_INFORMATION_FORMAT = dwarf;
				ENABLE_STRICT_OBJC_MSGSEND = YES;
				ENABLE_TESTABILITY = YES;
				GCC_C_LANGUAGE_STANDARD = gnu99;
				GCC_DYNAMIC_NO_PIC = NO;
				GCC_NO_COMMON_BLOCKS = YES;
				GCC_OPTIMIZATION_LEVEL = 0;
				GCC_PREPROCESSOR_DEFINITIONS = (
					"DEBUG=1",
					"$(inherited)",
				);
				GCC_WARN_64_TO_32_BIT_CONVERSION = YES;
				GCC_WARN_ABOUT_RETURN_TYPE = YES_ERROR;
				GCC_WARN_UNDECLARED_SELECTOR = YES;
				GCC_WARN_UNINITIALIZED_AUTOS = YES_AGGRESSIVE;
				GCC_WARN_UNUSED_FUNCTION = YES;
				GCC_WARN_UNUSED_VARIABLE = YES;
				IPHONEOS_DEPLOYMENT_TARGET = 10.0;
				MTL_ENABLE_DEBUG_INFO = YES;
				ONLY_ACTIVE_ARCH = YES;
				SDKROOT = iphoneos;
				SWIFT_ACTIVE_COMPILATION_CONDITIONS = DEBUG;
				SWIFT_OPTIMIZATION_LEVEL = "-Onone";
				TARGETED_DEVICE_FAMILY = "1,2";
			};
			name = Debug;
		};
		4E1D67791E599EAD00C3B485 /* Release */ = {
			isa = XCBuildConfiguration;
			buildSettings = {
				ALWAYS_SEARCH_USER_PATHS = NO;
				CLANG_ANALYZER_NONNULL = YES;
				CLANG_CXX_LANGUAGE_STANDARD = "gnu++0x";
				CLANG_CXX_LIBRARY = "libc++";
				CLANG_ENABLE_MODULES = YES;
				CLANG_ENABLE_OBJC_ARC = YES;
				CLANG_WARN_BOOL_CONVERSION = YES;
				CLANG_WARN_CONSTANT_CONVERSION = YES;
				CLANG_WARN_DIRECT_OBJC_ISA_USAGE = YES_ERROR;
				CLANG_WARN_DOCUMENTATION_COMMENTS = YES;
				CLANG_WARN_EMPTY_BODY = YES;
				CLANG_WARN_ENUM_CONVERSION = YES;
				CLANG_WARN_INFINITE_RECURSION = YES;
				CLANG_WARN_INT_CONVERSION = YES;
				CLANG_WARN_OBJC_ROOT_CLASS = YES_ERROR;
				CLANG_WARN_SUSPICIOUS_MOVES = YES;
				CLANG_WARN_UNREACHABLE_CODE = YES;
				CLANG_WARN__DUPLICATE_METHOD_MATCH = YES;
				"CODE_SIGN_IDENTITY[sdk=iphoneos*]" = "iPhone Developer";
				COPY_PHASE_STRIP = NO;
				DEBUG_INFORMATION_FORMAT = "dwarf-with-dsym";
				ENABLE_NS_ASSERTIONS = NO;
				ENABLE_STRICT_OBJC_MSGSEND = YES;
				GCC_C_LANGUAGE_STANDARD = gnu99;
				GCC_NO_COMMON_BLOCKS = YES;
				GCC_WARN_64_TO_32_BIT_CONVERSION = YES;
				GCC_WARN_ABOUT_RETURN_TYPE = YES_ERROR;
				GCC_WARN_UNDECLARED_SELECTOR = YES;
				GCC_WARN_UNINITIALIZED_AUTOS = YES_AGGRESSIVE;
				GCC_WARN_UNUSED_FUNCTION = YES;
				GCC_WARN_UNUSED_VARIABLE = YES;
				IPHONEOS_DEPLOYMENT_TARGET = 10.0;
				MTL_ENABLE_DEBUG_INFO = NO;
				SDKROOT = iphoneos;
				SWIFT_OPTIMIZATION_LEVEL = "-Owholemodule";
				TARGETED_DEVICE_FAMILY = "1,2";
				VALIDATE_PRODUCT = YES;
			};
			name = Release;
		};
		4E1D677B1E599EAD00C3B485 /* Debug */ = {
			isa = XCBuildConfiguration;
			buildSettings = {
				ASSETCATALOG_COMPILER_APPICON_NAME = AppIcon;
				DEVELOPMENT_TEAM = R5ZGSD349Y;
				ENABLE_BITCODE = NO;
				INFOPLIST_FILE = staticlibrarytest/Info.plist;
				IPHONEOS_DEPLOYMENT_TARGET = 10.0;
				LD_RUNPATH_SEARCH_PATHS = "$(inherited) @executable_path/Frameworks";
				LIBRARY_SEARCH_PATHS = (
					/Volumes/Developer/WorkBench/ios/libs/lib,
					"$(PROJECT_DIR)/lib",
				);
				PRODUCT_BUNDLE_IDENTIFIER = paysoft.staticlibrarytest;
				PRODUCT_NAME = "$(TARGET_NAME)";
				SWIFT_OBJC_BRIDGING_HEADER = "staticlibrarytest-Bridging-Header.h";
				SWIFT_VERSION = 3.0;
				VALID_ARCHS = "arm64 armv7";
			};
			name = Debug;
		};
		4E1D677C1E599EAD00C3B485 /* Release */ = {
			isa = XCBuildConfiguration;
			buildSettings = {
				ASSETCATALOG_COMPILER_APPICON_NAME = AppIcon;
				DEVELOPMENT_TEAM = R5ZGSD349Y;
				ENABLE_BITCODE = NO;
				INFOPLIST_FILE = staticlibrarytest/Info.plist;
				IPHONEOS_DEPLOYMENT_TARGET = 10.0;
				LD_RUNPATH_SEARCH_PATHS = "$(inherited) @executable_path/Frameworks";
				LIBRARY_SEARCH_PATHS = (
					/Volumes/Developer/WorkBench/ios/libs/lib,
					"$(PROJECT_DIR)/lib",
				);
				PRODUCT_BUNDLE_IDENTIFIER = paysoft.staticlibrarytest;
				PRODUCT_NAME = "$(TARGET_NAME)";
				SWIFT_OBJC_BRIDGING_HEADER = "staticlibrarytest-Bridging-Header.h";
				SWIFT_VERSION = 3.0;
				VALID_ARCHS = "arm64 armv7";
			};
			name = Release;
		};
		4E1D677E1E599EAD00C3B485 /* Debug */ = {
			isa = XCBuildConfiguration;
			buildSettings = {
				ALWAYS_EMBED_SWIFT_STANDARD_LIBRARIES = YES;
				BUNDLE_LOADER = "$(TEST_HOST)";
				INFOPLIST_FILE = staticlibrarytestTests/Info.plist;
				LD_RUNPATH_SEARCH_PATHS = "$(inherited) @executable_path/Frameworks @loader_path/Frameworks";
				PRODUCT_BUNDLE_IDENTIFIER = paysoft.staticlibrarytestTests;
				PRODUCT_NAME = "$(TARGET_NAME)";
				SWIFT_VERSION = 3.0;
				TEST_HOST = "$(BUILT_PRODUCTS_DIR)/staticlibrarytest.app/staticlibrarytest";
			};
			name = Debug;
		};
		4E1D677F1E599EAD00C3B485 /* Release */ = {
			isa = XCBuildConfiguration;
			buildSettings = {
				ALWAYS_EMBED_SWIFT_STANDARD_LIBRARIES = YES;
				BUNDLE_LOADER = "$(TEST_HOST)";
				INFOPLIST_FILE = staticlibrarytestTests/Info.plist;
				LD_RUNPATH_SEARCH_PATHS = "$(inherited) @executable_path/Frameworks @loader_path/Frameworks";
				PRODUCT_BUNDLE_IDENTIFIER = paysoft.staticlibrarytestTests;
				PRODUCT_NAME = "$(TARGET_NAME)";
				SWIFT_VERSION = 3.0;
				TEST_HOST = "$(BUILT_PRODUCTS_DIR)/staticlibrarytest.app/staticlibrarytest";
			};
			name = Release;
		};
		4E1D67811E599EAD00C3B485 /* Debug */ = {
			isa = XCBuildConfiguration;
			buildSettings = {
				ALWAYS_EMBED_SWIFT_STANDARD_LIBRARIES = YES;
				INFOPLIST_FILE = staticlibrarytestUITests/Info.plist;
				LD_RUNPATH_SEARCH_PATHS = "$(inherited) @executable_path/Frameworks @loader_path/Frameworks";
				PRODUCT_BUNDLE_IDENTIFIER = paysoft.staticlibrarytestUITests;
				PRODUCT_NAME = "$(TARGET_NAME)";
				SWIFT_VERSION = 3.0;
				TEST_TARGET_NAME = staticlibrarytest;
			};
			name = Debug;
		};
		4E1D67821E599EAD00C3B485 /* Release */ = {
			isa = XCBuildConfiguration;
			buildSettings = {
				ALWAYS_EMBED_SWIFT_STANDARD_LIBRARIES = YES;
				INFOPLIST_FILE = staticlibrarytestUITests/Info.plist;
				LD_RUNPATH_SEARCH_PATHS = "$(inherited) @executable_path/Frameworks @loader_path/Frameworks";
				PRODUCT_BUNDLE_IDENTIFIER = paysoft.staticlibrarytestUITests;
				PRODUCT_NAME = "$(TARGET_NAME)";
				SWIFT_VERSION = 3.0;
				TEST_TARGET_NAME = staticlibrarytest;
			};
			name = Release;
		};
/* End XCBuildConfiguration section */

/* Begin XCConfigurationList section */
		4E1D674D1E599EAB00C3B485 /* Build configuration list for PBXProject "staticlibrarytest" */ = {
			isa = XCConfigurationList;
			buildConfigurations = (
				4E1D67781E599EAD00C3B485 /* Debug */,
				4E1D67791E599EAD00C3B485 /* Release */,
			);
			defaultConfigurationIsVisible = 0;
			defaultConfigurationName = Release;
		};
		4E1D677A1E599EAD00C3B485 /* Build configuration list for PBXNativeTarget "staticlibrarytest" */ = {
			isa = XCConfigurationList;
			buildConfigurations = (
				4E1D677B1E599EAD00C3B485 /* Debug */,
				4E1D677C1E599EAD00C3B485 /* Release */,
			);
			defaultConfigurationIsVisible = 0;
			defaultConfigurationName = Release;
		};
		4E1D677D1E599EAD00C3B485 /* Build configuration list for PBXNativeTarget "staticlibrarytestTests" */ = {
			isa = XCConfigurationList;
			buildConfigurations = (
				4E1D677E1E599EAD00C3B485 /* Debug */,
				4E1D677F1E599EAD00C3B485 /* Release */,
			);
			defaultConfigurationIsVisible = 0;
			defaultConfigurationName = Release;
		};
		4E1D67801E599EAD00C3B485 /* Build configuration list for PBXNativeTarget "staticlibrarytestUITests" */ = {
			isa = XCConfigurationList;
			buildConfigurations = (
				4E1D67811E599EAD00C3B485 /* Debug */,
				4E1D67821E599EAD00C3B485 /* Release */,
			);
			defaultConfigurationIsVisible = 0;
			defaultConfigurationName = Release;
		};
/* End XCConfigurationList section */
	};
	rootObject = 4E1D674A1E599EAB00C3B485 /* Project object */;
}
